github.com/NathanPr03/price-control v0.0.0-20240531145524-a9861115eb62 h1:KPP6p/G87uGGvNAPyJ7Kueqw0qwV+f+bpQnCdIAYE/A=
github.com/NathanPr03/price-control v0.0.0-20240531145524-a9861115eb62/go.mod h1:Kt1LrSE9zGSrvYBWYY/X9MU6FbOqgNE1H1wKKIC7r2I=
github.com/joho/godotenv v1.5.1 h1:7eLL/+HRGLY0ldzfGMeQkb7vMd0as4CfYvUVzLqw0N0=
github.com/joho/godotenv v1.5.1/go.mod h1:f4LDr5Voq0i2e/R5DDNOoa2zzDfwtkZa6DnEwAbqwq4=
github.com/lib/pq v1.10.9 h1:YXG7RB+JIjhP29X+OtkiDnYaXQwpS4JEWq7dtCCRUEw=
github.com/lib/pq v1.10.9/go.mod h1:AlVN5x4E4T544tWzH6hKfbfQvm3HdbOxrmggDNAPY9o=
